
Microsoft Visual Studio Solution File, Format Version 12.00
# Visual Studio Version 16
VisualStudioVersion = 16.0.31729.503
MinimumVisualStudioVersion = 10.0.40219.1
Project("{FAE04EC0-301F-11D3-BF4B-00C04F79EFBC}") = "MyList", "13.12\MyList.csproj", "{6E39222F-DC02-4C7B-A3EF-B8165251C40F}"
EndProject
Global
	GlobalSection(SolutionConfigurationPlatforms) = preSolution
		Debug|Any CPU = Debug|Any CPU
		Release|Any CPU = Release|Any CPU
	EndGlobalSection
	GlobalSection(ProjectConfigurationPlatforms) = postSolution
		{6E39222F-DC02-4C7B-A3EF-B8165251C40F}.Debug|Any CPU.ActiveCfg = Debug|Any CPU
		{6E39222F-DC02-4C7B-A3EF-B8165251C40F}.Debug|Any CPU.Build.0 = Debug|Any CPU
		{6E39222F-DC02-4C7B-A3EF-B8165251C40F}.Release|Any CPU.ActiveCfg = Release|Any CPU
		{6E39222F-DC02-4C7B-A3EF-B8165251C40F}.Release|Any CPU.Build.0 = Release|Any CPU
	EndGlobalSection
	GlobalSection(SolutionProperties) = preSolution
		HideSolutionNode = FALSE
	EndGlobalSection
	GlobalSection(ExtensibilityGlobals) = postSolution
		SolutionGuid = {05AF77F3-AA51-4007-848C-F00EAA3F8B5D}
	EndGlobalSection
EndGlobal
